// !$*UTF8*$!
{
	archiveVersion = 1;
	classes = {
	};
	objectVersion = 46;
	objects = {

/* Begin PBXBuildFile section */
		A51087A7B20A164CE89CA577 /* libPods.a in Frameworks */ = {isa = PBXBuildFile; fileRef = 82125DD5AE701B5FF0E63D7C /* libPods.a */; };
		CEF4270F1C50D75F00CE06E9 /* KFAACEncoder.m in Sources */ = {isa = PBXBuildFile; fileRef = CEF426F41C50D75F00CE06E9 /* KFAACEncoder.m */; };
		CEF427101C50D75F00CE06E9 /* KFAudioEncoder.m in Sources */ = {isa = PBXBuildFile; fileRef = CEF426F61C50D75F00CE06E9 /* KFAudioEncoder.m */; };
		CEF427111C50D75F00CE06E9 /* KFEncoder.m in Sources */ = {isa = PBXBuildFile; fileRef = CEF426F81C50D75F00CE06E9 /* KFEncoder.m */; };
		CEF427121C50D75F00CE06E9 /* KFFrame.m in Sources */ = {isa = PBXBuildFile; fileRef = CEF426FA1C50D75F00CE06E9 /* KFFrame.m */; };
		CEF427131C50D75F00CE06E9 /* AVEncoder.mm in Sources */ = {isa = PBXBuildFile; fileRef = CEF426FE1C50D75F00CE06E9 /* AVEncoder.mm */; };
		CEF427141C50D75F00CE06E9 /* KFH264Encoder.mm in Sources */ = {isa = PBXBuildFile; fileRef = CEF427001C50D75F00CE06E9 /* KFH264Encoder.mm */; };
		CEF427151C50D75F00CE06E9 /* LICENSE.markdown in Sources */ = {isa = PBXBuildFile; fileRef = CEF427011C50D75F00CE06E9 /* LICENSE.markdown */; };
		CEF427161C50D75F00CE06E9 /* MP4Atom.m in Sources */ = {isa = PBXBuildFile; fileRef = CEF427031C50D75F00CE06E9 /* MP4Atom.m */; };
		CEF427171C50D75F00CE06E9 /* NALUnit.cpp in Sources */ = {isa = PBXBuildFile; fileRef = CEF427041C50D75F00CE06E9 /* NALUnit.cpp */; };
		CEF427181C50D75F00CE06E9 /* VideoEncoder.m in Sources */ = {isa = PBXBuildFile; fileRef = CEF427071C50D75F00CE06E9 /* VideoEncoder.m */; };
		CEF427191C50D75F00CE06E9 /* KFVideoEncoder.m in Sources */ = {isa = PBXBuildFile; fileRef = CEF427091C50D75F00CE06E9 /* KFVideoEncoder.m */; };
		CEF4271A1C50D75F00CE06E9 /* KFVideoFrame.m in Sources */ = {isa = PBXBuildFile; fileRef = CEF4270B1C50D75F00CE06E9 /* KFVideoFrame.m */; };
		CEF4271B1C50D75F00CE06E9 /* KFRecorder.m in Sources */ = {isa = PBXBuildFile; fileRef = CEF4270E1C50D75F00CE06E9 /* KFRecorder.m */; };
		CEF427291C50D8C000CE06E9 /* AssetGroup.m in Sources */ = {isa = PBXBuildFile; fileRef = CEF427261C50D8C000CE06E9 /* AssetGroup.m */; };
		CEF4272A1C50D8C000CE06E9 /* Utilities.m in Sources */ = {isa = PBXBuildFile; fileRef = CEF427281C50D8C000CE06E9 /* Utilities.m */; };
		CEF9D8101C4FC18D0010B1F6 /* main.m in Sources */ = {isa = PBXBuildFile; fileRef = CEF9D80F1C4FC18D0010B1F6 /* main.m */; };
		CEF9D8131C4FC18D0010B1F6 /* AppDelegate.m in Sources */ = {isa = PBXBuildFile; fileRef = CEF9D8121C4FC18D0010B1F6 /* AppDelegate.m */; };
		CEF9D8161C4FC18D0010B1F6 /* ViewController.m in Sources */ = {isa = PBXBuildFile; fileRef = CEF9D8151C4FC18D0010B1F6 /* ViewController.m */; };
		CEF9D8191C4FC18D0010B1F6 /* Main.storyboard in Resources */ = {isa = PBXBuildFile; fileRef = CEF9D8171C4FC18D0010B1F6 /* Main.storyboard */; };
		CEF9D81B1C4FC18D0010B1F6 /* Assets.xcassets in Resources */ = {isa = PBXBuildFile; fileRef = CEF9D81A1C4FC18D0010B1F6 /* Assets.xcassets */; };
		CEF9D81E1C4FC18D0010B1F6 /* LaunchScreen.storyboard in Resources */ = {isa = PBXBuildFile; fileRef = CEF9D81C1C4FC18D0010B1F6 /* LaunchScreen.storyboard */; };
		CEF9D8271C5092220010B1F6 /* MyAudioReceiver.m in Sources */ = {isa = PBXBuildFile; fileRef = CEF9D8261C5092220010B1F6 /* MyAudioReceiver.m */; };
/* End PBXBuildFile section */

/* Begin PBXFileReference section */
		20BD199192F693A002363D53 /* Pods.debug.xcconfig */ = {isa = PBXFileReference; includeInIndex = 1; lastKnownFileType = text.xcconfig; name = Pods.debug.xcconfig; path = "Pods/Target Support Files/Pods/Pods.debug.xcconfig"; sourceTree = "<group>"; };
		60E797F28A16A28458F68EDC /* Pods.release.xcconfig */ = {isa = PBXFileReference; includeInIndex = 1; lastKnownFileType = text.xcconfig; name = Pods.release.xcconfig; path = "Pods/Target Support Files/Pods/Pods.release.xcconfig"; sourceTree = "<group>"; };
		82125DD5AE701B5FF0E63D7C /* libPods.a */ = {isa = PBXFileReference; explicitFileType = archive.ar; includeInIndex = 0; path = libPods.a; sourceTree = BUILT_PRODUCTS_DIR; };
		CEF426F31C50D75F00CE06E9 /* KFAACEncoder.h */ = {isa = PBXFileReference; fileEncoding = 4; lastKnownFileType = sourcecode.c.h; path = KFAACEncoder.h; sourceTree = "<group>"; };
		CEF426F41C50D75F00CE06E9 /* KFAACEncoder.m */ = {isa = PBXFileReference; fileEncoding = 4; lastKnownFileType = sourcecode.c.objc; path = KFAACEncoder.m; sourceTree = "<group>"; };
		CEF426F51C50D75F00CE06E9 /* KFAudioEncoder.h */ = {isa = PBXFileReference; fileEncoding = 4; lastKnownFileType = sourcecode.c.h; path = KFAudioEncoder.h; sourceTree = "<group>"; };
		CEF426F61C50D75F00CE06E9 /* KFAudioEncoder.m */ = {isa = PBXFileReference; fileEncoding = 4; lastKnownFileType = sourcecode.c.objc; path = KFAudioEncoder.m; sourceTree = "<group>"; };
		CEF426F71C50D75F00CE06E9 /* KFEncoder.h */ = {isa = PBXFileReference; fileEncoding = 4; lastKnownFileType = sourcecode.c.h; path = KFEncoder.h; sourceTree = "<group>"; };
		CEF426F81C50D75F00CE06E9 /* KFEncoder.m */ = {isa = PBXFileReference; fileEncoding = 4; lastKnownFileType = sourcecode.c.objc; path = KFEncoder.m; sourceTree = "<group>"; };
		CEF426F91C50D75F00CE06E9 /* KFFrame.h */ = {isa = PBXFileReference; fileEncoding = 4; lastKnownFileType = sourcecode.c.h; path = KFFrame.h; sourceTree = "<group>"; };
		CEF426FA1C50D75F00CE06E9 /* KFFrame.m */ = {isa = PBXFileReference; fileEncoding = 4; lastKnownFileType = sourcecode.c.objc; path = KFFrame.m; sourceTree = "<group>"; };
		CEF426FD1C50D75F00CE06E9 /* AVEncoder.h */ = {isa = PBXFileReference; fileEncoding = 4; lastKnownFileType = sourcecode.c.h; path = AVEncoder.h; sourceTree = "<group>"; };
		CEF426FE1C50D75F00CE06E9 /* AVEncoder.mm */ = {isa = PBXFileReference; fileEncoding = 4; lastKnownFileType = sourcecode.cpp.objcpp; path = AVEncoder.mm; sourceTree = "<group>"; };
		CEF426FF1C50D75F00CE06E9 /* KFH264Encoder.h */ = {isa = PBXFileReference; fileEncoding = 4; lastKnownFileType = sourcecode.c.h; path = KFH264Encoder.h; sourceTree = "<group>"; };
		CEF427001C50D75F00CE06E9 /* KFH264Encoder.mm */ = {isa = PBXFileReference; fileEncoding = 4; lastKnownFileType = sourcecode.cpp.objcpp; path = KFH264Encoder.mm; sourceTree = "<group>"; };
		CEF427011C50D75F00CE06E9 /* LICENSE.markdown */ = {isa = PBXFileReference; fileEncoding = 4; lastKnownFileType = net.daringfireball.markdown; path = LICENSE.markdown; sourceTree = "<group>"; };
		CEF427021C50D75F00CE06E9 /* MP4Atom.h */ = {isa = PBXFileReference; fileEncoding = 4; lastKnownFileType = sourcecode.c.h; path = MP4Atom.h; sourceTree = "<group>"; };
		CEF427031C50D75F00CE06E9 /* MP4Atom.m */ = {isa = PBXFileReference; fileEncoding = 4; lastKnownFileType = sourcecode.c.objc; path = MP4Atom.m; sourceTree = "<group>"; };
		CEF427041C50D75F00CE06E9 /* NALUnit.cpp */ = {isa = PBXFileReference; fileEncoding = 4; lastKnownFileType = sourcecode.cpp.cpp; path = NALUnit.cpp; sourceTree = "<group>"; };
		CEF427051C50D75F00CE06E9 /* NALUnit.h */ = {isa = PBXFileReference; fileEncoding = 4; lastKnownFileType = sourcecode.c.h; path = NALUnit.h; sourceTree = "<group>"; };
		CEF427061C50D75F00CE06E9 /* VideoEncoder.h */ = {isa = PBXFileReference; fileEncoding = 4; lastKnownFileType = sourcecode.c.h; path = VideoEncoder.h; sourceTree = "<group>"; };
		CEF427071C50D75F00CE06E9 /* VideoEncoder.m */ = {isa = PBXFileReference; fileEncoding = 4; lastKnownFileType = sourcecode.c.objc; path = VideoEncoder.m; sourceTree = "<group>"; };
		CEF427081C50D75F00CE06E9 /* KFVideoEncoder.h */ = {isa = PBXFileReference; fileEncoding = 4; lastKnownFileType = sourcecode.c.h; path = KFVideoEncoder.h; sourceTree = "<group>"; };
		CEF427091C50D75F00CE06E9 /* KFVideoEncoder.m */ = {isa = PBXFileReference; fileEncoding = 4; lastKnownFileType = sourcecode.c.objc; path = KFVideoEncoder.m; sourceTree = "<group>"; };
		CEF4270A1C50D75F00CE06E9 /* KFVideoFrame.h */ = {isa = PBXFileReference; fileEncoding = 4; lastKnownFileType = sourcecode.c.h; path = KFVideoFrame.h; sourceTree = "<group>"; };
		CEF4270B1C50D75F00CE06E9 /* KFVideoFrame.m */ = {isa = PBXFileReference; fileEncoding = 4; lastKnownFileType = sourcecode.c.objc; path = KFVideoFrame.m; sourceTree = "<group>"; };
		CEF4270D1C50D75F00CE06E9 /* KFRecorder.h */ = {isa = PBXFileReference; fileEncoding = 4; lastKnownFileType = sourcecode.c.h; path = KFRecorder.h; sourceTree = "<group>"; };
		CEF4270E1C50D75F00CE06E9 /* KFRecorder.m */ = {isa = PBXFileReference; fileEncoding = 4; lastKnownFileType = sourcecode.c.objc; path = KFRecorder.m; sourceTree = "<group>"; };
		CEF427251C50D8C000CE06E9 /* AssetGroup.h */ = {isa = PBXFileReference; fileEncoding = 4; lastKnownFileType = sourcecode.c.h; path = AssetGroup.h; sourceTree = "<group>"; };
		CEF427261C50D8C000CE06E9 /* AssetGroup.m */ = {isa = PBXFileReference; fileEncoding = 4; lastKnownFileType = sourcecode.c.objc; path = AssetGroup.m; sourceTree = "<group>"; };
		CEF427271C50D8C000CE06E9 /* Utilities.h */ = {isa = PBXFileReference; fileEncoding = 4; lastKnownFileType = sourcecode.c.h; path = Utilities.h; sourceTree = "<group>"; };
		CEF427281C50D8C000CE06E9 /* Utilities.m */ = {isa = PBXFileReference; fileEncoding = 4; lastKnownFileType = sourcecode.c.objc; path = Utilities.m; sourceTree = "<group>"; };
		CEF9D80B1C4FC18D0010B1F6 /* rtmp-aac.app */ = {isa = PBXFileReference; explicitFileType = wrapper.application; includeInIndex = 0; path = "rtmp-aac.app"; sourceTree = BUILT_PRODUCTS_DIR; };
		CEF9D80F1C4FC18D0010B1F6 /* main.m */ = {isa = PBXFileReference; lastKnownFileType = sourcecode.c.objc; path = main.m; sourceTree = "<group>"; };
		CEF9D8111C4FC18D0010B1F6 /* AppDelegate.h */ = {isa = PBXFileReference; lastKnownFileType = sourcecode.c.h; path = AppDelegate.h; sourceTree = "<group>"; };
		CEF9D8121C4FC18D0010B1F6 /* AppDelegate.m */ = {isa = PBXFileReference; lastKnownFileType = sourcecode.c.objc; path = AppDelegate.m; sourceTree = "<group>"; };
		CEF9D8141C4FC18D0010B1F6 /* ViewController.h */ = {isa = PBXFileReference; lastKnownFileType = sourcecode.c.h; path = ViewController.h; sourceTree = "<group>"; };
		CEF9D8151C4FC18D0010B1F6 /* ViewController.m */ = {isa = PBXFileReference; lastKnownFileType = sourcecode.c.objc; path = ViewController.m; sourceTree = "<group>"; };
		CEF9D8181C4FC18D0010B1F6 /* Base */ = {isa = PBXFileReference; lastKnownFileType = file.storyboard; name = Base; path = Base.lproj/Main.storyboard; sourceTree = "<group>"; };
		CEF9D81A1C4FC18D0010B1F6 /* Assets.xcassets */ = {isa = PBXFileReference; lastKnownFileType = folder.assetcatalog; path = Assets.xcassets; sourceTree = "<group>"; };
		CEF9D81D1C4FC18D0010B1F6 /* Base */ = {isa = PBXFileReference; lastKnownFileType = file.storyboard; name = Base; path = Base.lproj/LaunchScreen.storyboard; sourceTree = "<group>"; };
		CEF9D81F1C4FC18D0010B1F6 /* Info.plist */ = {isa = PBXFileReference; lastKnownFileType = text.plist.xml; path = Info.plist; sourceTree = "<group>"; };
		CEF9D8251C5092220010B1F6 /* MyAudioReceiver.h */ = {isa = PBXFileReference; fileEncoding = 4; lastKnownFileType = sourcecode.c.h; path = MyAudioReceiver.h; sourceTree = "<group>"; };
		CEF9D8261C5092220010B1F6 /* MyAudioReceiver.m */ = {isa = PBXFileReference; fileEncoding = 4; lastKnownFileType = sourcecode.c.objc; path = MyAudioReceiver.m; sourceTree = "<group>"; };
/* End PBXFileReference section */

/* Begin PBXFrameworksBuildPhase section */
		CEF9D8081C4FC18D0010B1F6 /* Frameworks */ = {
			isa = PBXFrameworksBuildPhase;
			buildActionMask = 2147483647;
			files = (
				A51087A7B20A164CE89CA577 /* libPods.a in Frameworks */,
			);
			runOnlyForDeploymentPostprocessing = 0;
		};
/* End PBXFrameworksBuildPhase section */

/* Begin PBXGroup section */
		5DE969A9AD5805C6C52707F9 /* Pods */ = {
			isa = PBXGroup;
			children = (
				20BD199192F693A002363D53 /* Pods.debug.xcconfig */,
				60E797F28A16A28458F68EDC /* Pods.release.xcconfig */,
			);
			name = Pods;
			sourceTree = "<group>";
		};
		CEF426EF1C50D75F00CE06E9 /* Recorder */ = {
			isa = PBXGroup;
			children = (
				CEF427251C50D8C000CE06E9 /* AssetGroup.h */,
				CEF427261C50D8C000CE06E9 /* AssetGroup.m */,
				CEF427271C50D8C000CE06E9 /* Utilities.h */,
				CEF427281C50D8C000CE06E9 /* Utilities.m */,
				CEF426F01C50D75F00CE06E9 /* Codecs */,
				CEF4270C1C50D75F00CE06E9 /* Inputs */,
			);
			path = Recorder;
			sourceTree = "<group>";
		};
		CEF426F01C50D75F00CE06E9 /* Codecs */ = {
			isa = PBXGroup;
			children = (
				CEF426F11C50D75F00CE06E9 /* Audio */,
				CEF426F71C50D75F00CE06E9 /* KFEncoder.h */,
				CEF426F81C50D75F00CE06E9 /* KFEncoder.m */,
				CEF426F91C50D75F00CE06E9 /* KFFrame.h */,
				CEF426FA1C50D75F00CE06E9 /* KFFrame.m */,
				CEF426FB1C50D75F00CE06E9 /* Video */,
			);
			path = Codecs;
			sourceTree = "<group>";
		};
		CEF426F11C50D75F00CE06E9 /* Audio */ = {
			isa = PBXGroup;
			children = (
				CEF426F21C50D75F00CE06E9 /* AAC */,
				CEF426F51C50D75F00CE06E9 /* KFAudioEncoder.h */,
				CEF426F61C50D75F00CE06E9 /* KFAudioEncoder.m */,
			);
			path = Audio;
			sourceTree = "<group>";
		};
		CEF426F21C50D75F00CE06E9 /* AAC */ = {
			isa = PBXGroup;
			children = (
				CEF426F31C50D75F00CE06E9 /* KFAACEncoder.h */,
				CEF426F41C50D75F00CE06E9 /* KFAACEncoder.m */,
			);
			path = AAC;
			sourceTree = "<group>";
		};
		CEF426FB1C50D75F00CE06E9 /* Video */ = {
			isa = PBXGroup;
			children = (
				CEF426FC1C50D75F00CE06E9 /* H264 */,
				CEF427081C50D75F00CE06E9 /* KFVideoEncoder.h */,
				CEF427091C50D75F00CE06E9 /* KFVideoEncoder.m */,
				CEF4270A1C50D75F00CE06E9 /* KFVideoFrame.h */,
				CEF4270B1C50D75F00CE06E9 /* KFVideoFrame.m */,
			);
			path = Video;
			sourceTree = "<group>";
		};
		CEF426FC1C50D75F00CE06E9 /* H264 */ = {
			isa = PBXGroup;
			children = (
				CEF426FD1C50D75F00CE06E9 /* AVEncoder.h */,
				CEF426FE1C50D75F00CE06E9 /* AVEncoder.mm */,
				CEF426FF1C50D75F00CE06E9 /* KFH264Encoder.h */,
				CEF427001C50D75F00CE06E9 /* KFH264Encoder.mm */,
				CEF427011C50D75F00CE06E9 /* LICENSE.markdown */,
				CEF427021C50D75F00CE06E9 /* MP4Atom.h */,
				CEF427031C50D75F00CE06E9 /* MP4Atom.m */,
				CEF427041C50D75F00CE06E9 /* NALUnit.cpp */,
				CEF427051C50D75F00CE06E9 /* NALUnit.h */,
				CEF427061C50D75F00CE06E9 /* VideoEncoder.h */,
				CEF427071C50D75F00CE06E9 /* VideoEncoder.m */,
			);
			path = H264;
			sourceTree = "<group>";
		};
		CEF4270C1C50D75F00CE06E9 /* Inputs */ = {
			isa = PBXGroup;
			children = (
				CEF4270D1C50D75F00CE06E9 /* KFRecorder.h */,
				CEF4270E1C50D75F00CE06E9 /* KFRecorder.m */,
			);
			path = Inputs;
			sourceTree = "<group>";
		};
		CEF9D8021C4FC18D0010B1F6 = {
			isa = PBXGroup;
			children = (
				CEF9D80D1C4FC18D0010B1F6 /* rtmp-aac */,
				CEF9D80C1C4FC18D0010B1F6 /* Products */,
				5DE969A9AD5805C6C52707F9 /* Pods */,
				FDF9C19F3794115A2EE7BB30 /* Frameworks */,
			);
			sourceTree = "<group>";
		};
		CEF9D80C1C4FC18D0010B1F6 /* Products */ = {
			isa = PBXGroup;
			children = (
				CEF9D80B1C4FC18D0010B1F6 /* rtmp-aac.app */,
			);
			name = Products;
			sourceTree = "<group>";
		};
		CEF9D80D1C4FC18D0010B1F6 /* rtmp-aac */ = {
			isa = PBXGroup;
			children = (
				CEF426EF1C50D75F00CE06E9 /* Recorder */,
				CEF9D8111C4FC18D0010B1F6 /* AppDelegate.h */,
				CEF9D8121C4FC18D0010B1F6 /* AppDelegate.m */,
				CEF9D8141C4FC18D0010B1F6 /* ViewController.h */,
				CEF9D8151C4FC18D0010B1F6 /* ViewController.m */,
				CEF9D8171C4FC18D0010B1F6 /* Main.storyboard */,
				CEF9D81A1C4FC18D0010B1F6 /* Assets.xcassets */,
				CEF9D81C1C4FC18D0010B1F6 /* LaunchScreen.storyboard */,
				CEF9D81F1C4FC18D0010B1F6 /* Info.plist */,
				CEF9D80E1C4FC18D0010B1F6 /* Supporting Files */,
				CEF9D8251C5092220010B1F6 /* MyAudioReceiver.h */,
				CEF9D8261C5092220010B1F6 /* MyAudioReceiver.m */,
			);
			path = "rtmp-aac";
			sourceTree = "<group>";
		};
		CEF9D80E1C4FC18D0010B1F6 /* Supporting Files */ = {
			isa = PBXGroup;
			children = (
				CEF9D80F1C4FC18D0010B1F6 /* main.m */,
			);
			name = "Supporting Files";
			sourceTree = "<group>";
		};
		FDF9C19F3794115A2EE7BB30 /* Frameworks */ = {
			isa = PBXGroup;
			children = (
				82125DD5AE701B5FF0E63D7C /* libPods.a */,
			);
			name = Frameworks;
			sourceTree = "<group>";
		};
/* End PBXGroup section */

/* Begin PBXNativeTarget section */
		CEF9D80A1C4FC18D0010B1F6 /* rtmp-aac */ = {
			isa = PBXNativeTarget;
			buildConfigurationList = CEF9D8221C4FC18D0010B1F6 /* Build configuration list for PBXNativeTarget "rtmp-aac" */;
			buildPhases = (
				40D555FF707B078A3088E64D /* Check Pods Manifest.lock */,
				CEF9D8071C4FC18D0010B1F6 /* Sources */,
				CEF9D8081C4FC18D0010B1F6 /* Frameworks */,
				CEF9D8091C4FC18D0010B1F6 /* Resources */,
				46A85A700A8D92DA9747651D /* Embed Pods Frameworks */,
				48169914480A2ABAD71A41EA /* Copy Pods Resources */,
			);
			buildRules = (
			);
			dependencies = (
			);
			name = "rtmp-aac";
			productName = "rtmp-aac";
			productReference = CEF9D80B1C4FC18D0010B1F6 /* rtmp-aac.app */;
			productType = "com.apple.product-type.application";
		};
/* End PBXNativeTarget section */

/* Begin PBXProject section */
		CEF9D8031C4FC18D0010B1F6 /* Project object */ = {
			isa = PBXProject;
			attributes = {
				LastUpgradeCheck = 0720;
				ORGANIZATIONNAME = Salmonapps;
				TargetAttributes = {
					CEF9D80A1C4FC18D0010B1F6 = {
						CreatedOnToolsVersion = 7.2;
					};
				};
			};
			buildConfigurationList = CEF9D8061C4FC18D0010B1F6 /* Build configuration list for PBXProject "rtmp-aac" */;
			compatibilityVersion = "Xcode 3.2";
			developmentRegion = English;
			hasScannedForEncodings = 0;
			knownRegions = (
				en,
				Base,
			);
			mainGroup = CEF9D8021C4FC18D0010B1F6;
			productRefGroup = CEF9D80C1C4FC18D0010B1F6 /* Products */;
			projectDirPath = "";
			projectRoot = "";
			targets = (
				CEF9D80A1C4FC18D0010B1F6 /* rtmp-aac */,
			);
		};
/* End PBXProject section */

/* Begin PBXResourcesBuildPhase section */
		CEF9D8091C4FC18D0010B1F6 /* Resources */ = {
			isa = PBXResourcesBuildPhase;
			buildActionMask = 2147483647;
			files = (
				CEF9D81E1C4FC18D0010B1F6 /* LaunchScreen.storyboard in Resources */,
				CEF9D81B1C4FC18D0010B1F6 /* Assets.xcassets in Resources */,
				CEF9D8191C4FC18D0010B1F6 /* Main.storyboard in Resources */,
			);
			runOnlyForDeploymentPostprocessing = 0;
		};
/* End PBXResourcesBuildPhase section */

/* Begin PBXShellScriptBuildPhase section */
		40D555FF707B078A3088E64D /* Check Pods Manifest.lock */ = {
			isa = PBXShellScriptBuildPhase;
			buildActionMask = 2147483647;
			files = (
			);
			inputPaths = (
			);
			name = "Check Pods Manifest.lock";
			outputPaths = (
			);
			runOnlyForDeploymentPostprocessing = 0;
			shellPath = /bin/sh;
			shellScript = "diff \"${PODS_ROOT}/../Podfile.lock\" \"${PODS_ROOT}/Manifest.lock\" > /dev/null\nif [[ $? != 0 ]] ; then\n    cat << EOM\nerror: The sandbox is not in sync with the Podfile.lock. Run 'pod install' or update your CocoaPods installation.\nEOM\n    exit 1\nfi\n";
			showEnvVarsInLog = 0;
		};
		46A85A700A8D92DA9747651D /* Embed Pods Frameworks */ = {
			isa = PBXShellScriptBuildPhase;
			buildActionMask = 2147483647;
			files = (
			);
			inputPaths = (
			);
			name = "Embed Pods Frameworks";
			outputPaths = (
			);
			runOnlyForDeploymentPostprocessing = 0;
			shellPath = /bin/sh;
			shellScript = "\"${SRCROOT}/Pods/Target Support Files/Pods/Pods-frameworks.sh\"\n";
			showEnvVarsInLog = 0;
		};
		48169914480A2ABAD71A41EA /* Copy Pods Resources */ = {
			isa = PBXShellScriptBuildPhase;
			buildActionMask = 2147483647;
			files = (
			);
			inputPaths = (
			);
			name = "Copy Pods Resources";
			outputPaths = (
			);
			runOnlyForDeploymentPostprocessing = 0;
			shellPath = /bin/sh;
			shellScript = "\"${SRCROOT}/Pods/Target Support Files/Pods/Pods-resources.sh\"\n";
			showEnvVarsInLog = 0;
		};
/* End PBXShellScriptBuildPhase section */

/* Begin PBXSourcesBuildPhase section */
		CEF9D8071C4FC18D0010B1F6 /* Sources */ = {
			isa = PBXSourcesBuildPhase;
			buildActionMask = 2147483647;
			files = (
				CEF427121C50D75F00CE06E9 /* KFFrame.m in Sources */,
				CEF9D8161C4FC18D0010B1F6 /* ViewController.m in Sources */,
				CEF427111C50D75F00CE06E9 /* KFEncoder.m in Sources */,
				CEF9D8271C5092220010B1F6 /* MyAudioReceiver.m in Sources */,
				CEF4272A1C50D8C000CE06E9 /* Utilities.m in Sources */,
				CEF427291C50D8C000CE06E9 /* AssetGroup.m in Sources */,
				CEF427171C50D75F00CE06E9 /* NALUnit.cpp in Sources */,
				CEF4271B1C50D75F00CE06E9 /* KFRecorder.m in Sources */,
				CEF9D8131C4FC18D0010B1F6 /* AppDelegate.m in Sources */,
				CEF4270F1C50D75F00CE06E9 /* KFAACEncoder.m in Sources */,
				CEF427101C50D75F00CE06E9 /* KFAudioEncoder.m in Sources */,
				CEF427191C50D75F00CE06E9 /* KFVideoEncoder.m in Sources */,
				CEF9D8101C4FC18D0010B1F6 /* main.m in Sources */,
				CEF427131C50D75F00CE06E9 /* AVEncoder.mm in Sources */,
				CEF427151C50D75F00CE06E9 /* LICENSE.markdown in Sources */,
				CEF4271A1C50D75F00CE06E9 /* KFVideoFrame.m in Sources */,
				CEF427161C50D75F00CE06E9 /* MP4Atom.m in Sources */,
				CEF427181C50D75F00CE06E9 /* VideoEncoder.m in Sources */,
				CEF427141C50D75F00CE06E9 /* KFH264Encoder.mm in Sources */,
			);
			runOnlyForDeploymentPostprocessing = 0;
		};
/* End PBXSourcesBuildPhase section */

/* Begin PBXVariantGroup section */
		CEF9D8171C4FC18D0010B1F6 /* Main.storyboard */ = {
			isa = PBXVariantGroup;
			children = (
				CEF9D8181C4FC18D0010B1F6 /* Base */,
			);
			name = Main.storyboard;
			sourceTree = "<group>";
		};
		CEF9D81C1C4FC18D0010B1F6 /* LaunchScreen.storyboard */ = {
			isa = PBXVariantGroup;
			children = (
				CEF9D81D1C4FC18D0010B1F6 /* Base */,
			);
			name = LaunchScreen.storyboard;
			sourceTree = "<group>";
		};
/* End PBXVariantGroup section */

/* Begin XCBuildConfiguration section */
		CEF9D8201C4FC18D0010B1F6 /* Debug */ = {
			isa = XCBuildConfiguration;
			buildSettings = {
				ALWAYS_SEARCH_USER_PATHS = NO;
				CLANG_CXX_LANGUAGE_STANDARD = "gnu++0x";
				CLANG_CXX_LIBRARY = "libc++";
				CLANG_ENABLE_MODULES = YES;
				CLANG_ENABLE_OBJC_ARC = YES;
				CLANG_WARN_BOOL_CONVERSION = YES;
				CLANG_WARN_CONSTANT_CONVERSION = YES;
				CLANG_WARN_DIRECT_OBJC_ISA_USAGE = YES_ERROR;
				CLANG_WARN_EMPTY_BODY = YES;
				CLANG_WARN_ENUM_CONVERSION = YES;
				CLANG_WARN_INT_CONVERSION = YES;
				CLANG_WARN_OBJC_ROOT_CLASS = YES_ERROR;
				CLANG_WARN_UNREACHABLE_CODE = YES;
				CLANG_WARN__DUPLICATE_METHOD_MATCH = YES;
				"CODE_SIGN_IDENTITY[sdk=iphoneos*]" = "iPhone Developer";
				COPY_PHASE_STRIP = NO;
				DEBUG_INFORMATION_FORMAT = dwarf;
				ENABLE_STRICT_OBJC_MSGSEND = YES;
				ENABLE_TESTABILITY = YES;
				GCC_C_LANGUAGE_STANDARD = gnu99;
				GCC_DYNAMIC_NO_PIC = NO;
				GCC_NO_COMMON_BLOCKS = YES;
				GCC_OPTIMIZATION_LEVEL = 0;
				GCC_PREPROCESSOR_DEFINITIONS = (
					"DEBUG=1",
					"$(inherited)",
				);
				GCC_WARN_64_TO_32_BIT_CONVERSION = YES;
				GCC_WARN_ABOUT_RETURN_TYPE = YES_ERROR;
				GCC_WARN_UNDECLARED_SELECTOR = YES;
				GCC_WARN_UNINITIALIZED_AUTOS = YES_AGGRESSIVE;
				GCC_WARN_UNUSED_FUNCTION = YES;
				GCC_WARN_UNUSED_VARIABLE = YES;
				IPHONEOS_DEPLOYMENT_TARGET = 9.2;
				MTL_ENABLE_DEBUG_INFO = YES;
				ONLY_ACTIVE_ARCH = YES;
				SDKROOT = iphoneos;
			};
			name = Debug;
		};
		CEF9D8211C4FC18D0010B1F6 /* Release */ = {
			isa = XCBuildConfiguration;
			buildSettings = {
				ALWAYS_SEARCH_USER_PATHS = NO;
				CLANG_CXX_LANGUAGE_STANDARD = "gnu++0x";
				CLANG_CXX_LIBRARY = "libc++";
				CLANG_ENABLE_MODULES = YES;
				CLANG_ENABLE_OBJC_ARC = YES;
				CLANG_WARN_BOOL_CONVERSION = YES;
				CLANG_WARN_CONSTANT_CONVERSION = YES;
				CLANG_WARN_DIRECT_OBJC_ISA_USAGE = YES_ERROR;
				CLANG_WARN_EMPTY_BODY = YES;
				CLANG_WARN_ENUM_CONVERSION = YES;
				CLANG_WARN_INT_CONVERSION = YES;
				CLANG_WARN_OBJC_ROOT_CLASS = YES_ERROR;
				CLANG_WARN_UNREACHABLE_CODE = YES;
				CLANG_WARN__DUPLICATE_METHOD_MATCH = YES;
				"CODE_SIGN_IDENTITY[sdk=iphoneos*]" = "iPhone Developer";
				COPY_PHASE_STRIP = NO;
				DEBUG_INFORMATION_FORMAT = "dwarf-with-dsym";
				ENABLE_NS_ASSERTIONS = NO;
				ENABLE_STRICT_OBJC_MSGSEND = YES;
				GCC_C_LANGUAGE_STANDARD = gnu99;
				GCC_NO_COMMON_BLOCKS = YES;
				GCC_WARN_64_TO_32_BIT_CONVERSION = YES;
				GCC_WARN_ABOUT_RETURN_TYPE = YES_ERROR;
				GCC_WARN_UNDECLARED_SELECTOR = YES;
				GCC_WARN_UNINITIALIZED_AUTOS = YES_AGGRESSIVE;
				GCC_WARN_UNUSED_FUNCTION = YES;
				GCC_WARN_UNUSED_VARIABLE = YES;
				IPHONEOS_DEPLOYMENT_TARGET = 9.2;
				MTL_ENABLE_DEBUG_INFO = NO;
				SDKROOT = iphoneos;
				VALIDATE_PRODUCT = YES;
			};
			name = Release;
		};
		CEF9D8231C4FC18D0010B1F6 /* Debug */ = {
			isa = XCBuildConfiguration;
			baseConfigurationReference = 20BD199192F693A002363D53 /* Pods.debug.xcconfig */;
			buildSettings = {
				ASSETCATALOG_COMPILER_APPICON_NAME = AppIcon;
				INFOPLIST_FILE = "rtmp-aac/Info.plist";
				LD_RUNPATH_SEARCH_PATHS = "$(inherited) @executable_path/Frameworks";
				PRODUCT_BUNDLE_IDENTIFIER = "org.podbean.app.rtmp-aac";
				PRODUCT_NAME = "$(TARGET_NAME)";
			};
			name = Debug;
		};
		CEF9D8241C4FC18D0010B1F6 /* Release */ = {
			isa = XCBuildConfiguration;
			baseConfigurationReference = 60E797F28A16A28458F68EDC /* Pods.release.xcconfig */;
			buildSettings = {
				ASSETCATALOG_COMPILER_APPICON_NAME = AppIcon;
				INFOPLIST_FILE = "rtmp-aac/Info.plist";
				LD_RUNPATH_SEARCH_PATHS = "$(inherited) @executable_path/Frameworks";
				PRODUCT_BUNDLE_IDENTIFIER = "org.podbean.app.rtmp-aac";
				PRODUCT_NAME = "$(TARGET_NAME)";
			};
			name = Release;
		};
/* End XCBuildConfiguration section */

/* Begin XCConfigurationList section */
		CEF9D8061C4FC18D0010B1F6 /* Build configuration list for PBXProject "rtmp-aac" */ = {
			isa = XCConfigurationList;
			buildConfigurations = (
				CEF9D8201C4FC18D0010B1F6 /* Debug */,
				CEF9D8211C4FC18D0010B1F6 /* Release */,
			);
			defaultConfigurationIsVisible = 0;
			defaultConfigurationName = Release;
		};
		CEF9D8221C4FC18D0010B1F6 /* Build configuration list for PBXNativeTarget "rtmp-aac" */ = {
			isa = XCConfigurationList;
			buildConfigurations = (
				CEF9D8231C4FC18D0010B1F6 /* Debug */,
				CEF9D8241C4FC18D0010B1F6 /* Release */,
			);
			defaultConfigurationIsVisible = 0;
			defaultConfigurationName = Release;
		};
/* End XCConfigurationList section */
	};
	rootObject = CEF9D8031C4FC18D0010B1F6 /* Project object */;
}
